
Microsoft Visual Studio Solution File, Format Version 12.00
# Visual Studio 2013
VisualStudioVersion = 12.0.21005.1
MinimumVisualStudioVersion = 10.0.40219.1
Project("{FAE04EC0-301F-11D3-BF4B-00C04F79EFBC}") = "CodeFirstFromExistingDatabase", "CodeFirstFromExistingDatabase\CodeFirstFromExistingDatabase.csproj", "{14674669-5551-4DC0-8B85-20180D2D5A3A}"
EndProject
Project("{2150E333-8FDC-42A3-9474-1A3956D46DE8}") = "DAL", "DAL", "{2AB470A4-3565-4F9E-8E0A-31485A504179}"
EndProject
Project("{FAE04EC0-301F-11D3-BF4B-00C04F79EFBC}") = "DAL.Data", "DAL.Data\DAL.Data.csproj", "{B3370C4E-5F8E-488D-9B3A-987A050D1009}"
EndProject
Project("{FAE04EC0-301F-11D3-BF4B-00C04F79EFBC}") = "DAL.Repositories", "DAL.Repositories\DAL.Repositories.csproj", "{F809A77B-6CB6-47C2-B966-BC17C99EDA68}"
EndProject
Project("{FAE04EC0-301F-11D3-BF4B-00C04F79EFBC}") = "DAL.Logic", "DAL.Logic\DAL.Logic.csproj", "{147BBA68-D1B8-4060-B53A-B0D9C5035D89}"
EndProject
Global
	GlobalSection(SolutionConfigurationPlatforms) = preSolution
		Debug|Any CPU = Debug|Any CPU
		Release|Any CPU = Release|Any CPU
	EndGlobalSection
	GlobalSection(ProjectConfigurationPlatforms) = postSolution
		{14674669-5551-4DC0-8B85-20180D2D5A3A}.Debug|Any CPU.ActiveCfg = Debug|Any CPU
		{14674669-5551-4DC0-8B85-20180D2D5A3A}.Debug|Any CPU.Build.0 = Debug|Any CPU
		{14674669-5551-4DC0-8B85-20180D2D5A3A}.Release|Any CPU.ActiveCfg = Release|Any CPU
		{14674669-5551-4DC0-8B85-20180D2D5A3A}.Release|Any CPU.Build.0 = Release|Any CPU
		{B3370C4E-5F8E-488D-9B3A-987A050D1009}.Debug|Any CPU.ActiveCfg = Debug|Any CPU
		{B3370C4E-5F8E-488D-9B3A-987A050D1009}.Debug|Any CPU.Build.0 = Debug|Any CPU
		{B3370C4E-5F8E-488D-9B3A-987A050D1009}.Release|Any CPU.ActiveCfg = Release|Any CPU
		{B3370C4E-5F8E-488D-9B3A-987A050D1009}.Release|Any CPU.Build.0 = Release|Any CPU
		{F809A77B-6CB6-47C2-B966-BC17C99EDA68}.Debug|Any CPU.ActiveCfg = Debug|Any CPU
		{F809A77B-6CB6-47C2-B966-BC17C99EDA68}.Debug|Any CPU.Build.0 = Debug|Any CPU
		{F809A77B-6CB6-47C2-B966-BC17C99EDA68}.Release|Any CPU.ActiveCfg = Release|Any CPU
		{F809A77B-6CB6-47C2-B966-BC17C99EDA68}.Release|Any CPU.Build.0 = Release|Any CPU
		{147BBA68-D1B8-4060-B53A-B0D9C5035D89}.Debug|Any CPU.ActiveCfg = Debug|Any CPU
		{147BBA68-D1B8-4060-B53A-B0D9C5035D89}.Debug|Any CPU.Build.0 = Debug|Any CPU
		{147BBA68-D1B8-4060-B53A-B0D9C5035D89}.Release|Any CPU.ActiveCfg = Release|Any CPU
		{147BBA68-D1B8-4060-B53A-B0D9C5035D89}.Release|Any CPU.Build.0 = Release|Any CPU
	EndGlobalSection
	GlobalSection(SolutionProperties) = preSolution
		HideSolutionNode = FALSE
	EndGlobalSection
	GlobalSection(NestedProjects) = preSolution
		{B3370C4E-5F8E-488D-9B3A-987A050D1009} = {2AB470A4-3565-4F9E-8E0A-31485A504179}
		{F809A77B-6CB6-47C2-B966-BC17C99EDA68} = {2AB470A4-3565-4F9E-8E0A-31485A504179}
		{147BBA68-D1B8-4060-B53A-B0D9C5035D89} = {2AB470A4-3565-4F9E-8E0A-31485A504179}
	EndGlobalSection
EndGlobal
